
Microsoft Visual Studio Solution File, Format Version 12.00
# Visual Studio Version 17
VisualStudioVersion = 17.7.34221.43
MinimumVisualStudioVersion = 10.0.40219.1
Project("{9A19103F-16F7-4668-BE54-9A1E7A4F7556}") = "Pothole_FinderInator", "Pothole_FinderInator\Pothole_FinderInator.csproj", "{5A06A32E-0575-4DFB-B1FB-EB218698F932}"
EndProject
Project("{FAE04EC0-301F-11D3-BF4B-00C04F79EFBC}") = "Pothole_FinderInator.Droid", "Pothole_FinderInator.Droid\Pothole_FinderInator.Droid.csproj", "{2529D92E-2DFE-4D3C-ABC1-3C6DD79F2DF8}"
EndProject
Global
	GlobalSection(SolutionConfigurationPlatforms) = preSolution
		Ad-Hoc|Any CPU = Ad-Hoc|Any CPU
		Ad-Hoc|iPhone = Ad-Hoc|iPhone
		Ad-Hoc|iPhoneSimulator = Ad-Hoc|iPhoneSimulator
		AppStore|Any CPU = AppStore|Any CPU
		AppStore|iPhone = AppStore|iPhone
		AppStore|iPhoneSimulator = AppStore|iPhoneSimulator
		Debug|Any CPU = Debug|Any CPU
		Debug|iPhone = Debug|iPhone
		Debug|iPhoneSimulator = Debug|iPhoneSimulator
		Release|Any CPU = Release|Any CPU
		Release|iPhone = Release|iPhone
		Release|iPhoneSimulator = Release|iPhoneSimulator
	EndGlobalSection
	GlobalSection(ProjectConfigurationPlatforms) = postSolution
		{5A06A32E-0575-4DFB-B1FB-EB218698F932}.Ad-Hoc|Any CPU.ActiveCfg = Release|Any CPU
		{5A06A32E-0575-4DFB-B1FB-EB218698F932}.Ad-Hoc|Any CPU.Build.0 = Release|Any CPU
		{5A06A32E-0575-4DFB-B1FB-EB218698F932}.Ad-Hoc|iPhone.ActiveCfg = Debug|Any CPU
		{5A06A32E-0575-4DFB-B1FB-EB218698F932}.Ad-Hoc|iPhone.Build.0 = Debug|Any CPU
		{5A06A32E-0575-4DFB-B1FB-EB218698F932}.Ad-Hoc|iPhoneSimulator.ActiveCfg = Release|Any CPU
		{5A06A32E-0575-4DFB-B1FB-EB218698F932}.Ad-Hoc|iPhoneSimulator.Build.0 = Release|Any CPU
		{5A06A32E-0575-4DFB-B1FB-EB218698F932}.AppStore|Any CPU.ActiveCfg = Release|Any CPU
		{5A06A32E-0575-4DFB-B1FB-EB218698F932}.AppStore|Any CPU.Build.0 = Release|Any CPU
		{5A06A32E-0575-4DFB-B1FB-EB218698F932}.AppStore|iPhone.ActiveCfg = Debug|Any CPU
		{5A06A32E-0575-4DFB-B1FB-EB218698F932}.AppStore|iPhone.Build.0 = Debug|Any CPU
		{5A06A32E-0575-4DFB-B1FB-EB218698F932}.AppStore|iPhoneSimulator.ActiveCfg = Release|Any CPU
		{5A06A32E-0575-4DFB-B1FB-EB218698F932}.AppStore|iPhoneSimulator.Build.0 = Release|Any CPU
		{5A06A32E-0575-4DFB-B1FB-EB218698F932}.Debug|Any CPU.ActiveCfg = Debug|Any CPU
		{5A06A32E-0575-4DFB-B1FB-EB218698F932}.Debug|Any CPU.Build.0 = Debug|Any CPU
		{5A06A32E-0575-4DFB-B1FB-EB218698F932}.Debug|iPhone.ActiveCfg = Debug|Any CPU
		{5A06A32E-0575-4DFB-B1FB-EB218698F932}.Debug|iPhone.Build.0 = Debug|Any CPU
		{5A06A32E-0575-4DFB-B1FB-EB218698F932}.Debug|iPhoneSimulator.ActiveCfg = Debug|Any CPU
		{5A06A32E-0575-4DFB-B1FB-EB218698F932}.Debug|iPhoneSimulator.Build.0 = Debug|Any CPU
		{5A06A32E-0575-4DFB-B1FB-EB218698F932}.Release|Any CPU.ActiveCfg = Release|Any CPU
		{5A06A32E-0575-4DFB-B1FB-EB218698F932}.Release|Any CPU.Build.0 = Release|Any CPU
		{5A06A32E-0575-4DFB-B1FB-EB218698F932}.Release|iPhone.ActiveCfg = Release|Any CPU
		{5A06A32E-0575-4DFB-B1FB-EB218698F932}.Release|iPhone.Build.0 = Release|Any CPU
		{5A06A32E-0575-4DFB-B1FB-EB218698F932}.Release|iPhoneSimulator.ActiveCfg = Release|Any CPU
		{5A06A32E-0575-4DFB-B1FB-EB218698F932}.Release|iPhoneSimulator.Build.0 = Release|Any CPU
		{2529D92E-2DFE-4D3C-ABC1-3C6DD79F2DF8}.Ad-Hoc|Any CPU.ActiveCfg = Release|Any CPU
		{2529D92E-2DFE-4D3C-ABC1-3C6DD79F2DF8}.Ad-Hoc|Any CPU.Build.0 = Release|Any CPU
		{2529D92E-2DFE-4D3C-ABC1-3C6DD79F2DF8}.Ad-Hoc|Any CPU.Deploy.0 = Release|Any CPU
		{2529D92E-2DFE-4D3C-ABC1-3C6DD79F2DF8}.Ad-Hoc|iPhone.ActiveCfg = Debug|Any CPU
		{2529D92E-2DFE-4D3C-ABC1-3C6DD79F2DF8}.Ad-Hoc|iPhone.Build.0 = Debug|Any CPU
		{2529D92E-2DFE-4D3C-ABC1-3C6DD79F2DF8}.Ad-Hoc|iPhone.Deploy.0 = Debug|Any CPU
		{2529D92E-2DFE-4D3C-ABC1-3C6DD79F2DF8}.Ad-Hoc|iPhoneSimulator.ActiveCfg = Release|Any CPU
		{2529D92E-2DFE-4D3C-ABC1-3C6DD79F2DF8}.Ad-Hoc|iPhoneSimulator.Build.0 = Release|Any CPU
		{2529D92E-2DFE-4D3C-ABC1-3C6DD79F2DF8}.Ad-Hoc|iPhoneSimulator.Deploy.0 = Release|Any CPU
		{2529D92E-2DFE-4D3C-ABC1-3C6DD79F2DF8}.AppStore|Any CPU.ActiveCfg = Release|Any CPU
		{2529D92E-2DFE-4D3C-ABC1-3C6DD79F2DF8}.AppStore|Any CPU.Build.0 = Release|Any CPU
		{2529D92E-2DFE-4D3C-ABC1-3C6DD79F2DF8}.AppStore|Any CPU.Deploy.0 = Release|Any CPU
		{2529D92E-2DFE-4D3C-ABC1-3C6DD79F2DF8}.AppStore|iPhone.ActiveCfg = Debug|Any CPU
		{2529D92E-2DFE-4D3C-ABC1-3C6DD79F2DF8}.AppStore|iPhone.Build.0 = Debug|Any CPU
		{2529D92E-2DFE-4D3C-ABC1-3C6DD79F2DF8}.AppStore|iPhone.Deploy.0 = Debug|Any CPU
		{2529D92E-2DFE-4D3C-ABC1-3C6DD79F2DF8}.AppStore|iPhoneSimulator.ActiveCfg = Release|Any CPU
		{2529D92E-2DFE-4D3C-ABC1-3C6DD79F2DF8}.AppStore|iPhoneSimulator.Build.0 = Release|Any CPU
		{2529D92E-2DFE-4D3C-ABC1-3C6DD79F2DF8}.AppStore|iPhoneSimulator.Deploy.0 = Release|Any CPU
		{2529D92E-2DFE-4D3C-ABC1-3C6DD79F2DF8}.Debug|Any CPU.ActiveCfg = Debug|Any CPU
		{2529D92E-2DFE-4D3C-ABC1-3C6DD79F2DF8}.Debug|Any CPU.Build.0 = Debug|Any CPU
		{2529D92E-2DFE-4D3C-ABC1-3C6DD79F2DF8}.Debug|Any CPU.Deploy.0 = Debug|Any CPU
		{2529D92E-2DFE-4D3C-ABC1-3C6DD79F2DF8}.Debug|iPhone.ActiveCfg = Debug|Any CPU
		{2529D92E-2DFE-4D3C-ABC1-3C6DD79F2DF8}.Debug|iPhone.Build.0 = Debug|Any CPU
		{2529D92E-2DFE-4D3C-ABC1-3C6DD79F2DF8}.Debug|iPhone.Deploy.0 = Debug|Any CPU
		{2529D92E-2DFE-4D3C-ABC1-3C6DD79F2DF8}.Debug|iPhoneSimulator.ActiveCfg = Debug|Any CPU
		{2529D92E-2DFE-4D3C-ABC1-3C6DD79F2DF8}.Debug|iPhoneSimulator.Build.0 = Debug|Any CPU
		{2529D92E-2DFE-4D3C-ABC1-3C6DD79F2DF8}.Debug|iPhoneSimulator.Deploy.0 = Debug|Any CPU
		{2529D92E-2DFE-4D3C-ABC1-3C6DD79F2DF8}.Release|Any CPU.ActiveCfg = Release|Any CPU
		{2529D92E-2DFE-4D3C-ABC1-3C6DD79F2DF8}.Release|Any CPU.Build.0 = Release|Any CPU
		{2529D92E-2DFE-4D3C-ABC1-3C6DD79F2DF8}.Release|Any CPU.Deploy.0 = Release|Any CPU
		{2529D92E-2DFE-4D3C-ABC1-3C6DD79F2DF8}.Release|iPhone.ActiveCfg = Release|Any CPU
		{2529D92E-2DFE-4D3C-ABC1-3C6DD79F2DF8}.Release|iPhone.Build.0 = Release|Any CPU
		{2529D92E-2DFE-4D3C-ABC1-3C6DD79F2DF8}.Release|iPhone.Deploy.0 = Release|Any CPU
		{2529D92E-2DFE-4D3C-ABC1-3C6DD79F2DF8}.Release|iPhoneSimulator.ActiveCfg = Release|Any CPU
		{2529D92E-2DFE-4D3C-ABC1-3C6DD79F2DF8}.Release|iPhoneSimulator.Build.0 = Release|Any CPU
		{2529D92E-2DFE-4D3C-ABC1-3C6DD79F2DF8}.Release|iPhoneSimulator.Deploy.0 = Release|Any CPU
	EndGlobalSection
	GlobalSection(SolutionProperties) = preSolution
		HideSolutionNode = FALSE
	EndGlobalSection
EndGlobal
